// !$*UTF8*$!
{
	archiveVersion = 1;
	classes = {
	};
	objectVersion = 46;
	objects = {

/* Begin PBXBuildFile section */
		8412E3AD1DBDFC2B00D91F5E /* AppDelegate.swift in Sources */ = {isa = PBXBuildFile; fileRef = 8412E3AC1DBDFC2B00D91F5E /* AppDelegate.swift */; };
		8412E3AF1DBDFC2B00D91F5E /* ViewController.swift in Sources */ = {isa = PBXBuildFile; fileRef = 8412E3AE1DBDFC2B00D91F5E /* ViewController.swift */; };
		8412E3B21DBDFC2B00D91F5E /* Main.storyboard in Resources */ = {isa = PBXBuildFile; fileRef = 8412E3B01DBDFC2B00D91F5E /* Main.storyboard */; };
		8412E3B41DBDFC2B00D91F5E /* Assets.xcassets in Resources */ = {isa = PBXBuildFile; fileRef = 8412E3B31DBDFC2B00D91F5E /* Assets.xcassets */; };
		8412E3B71DBDFC2B00D91F5E /* LaunchScreen.storyboard in Resources */ = {isa = PBXBuildFile; fileRef = 8412E3B51DBDFC2B00D91F5E /* LaunchScreen.storyboard */; };
		8412E3C61DBE055D00D91F5E /* bird0.png in Resources */ = {isa = PBXBuildFile; fileRef = 8412E3BF1DBE055D00D91F5E /* bird0.png */; };
		8412E3C71DBE055D00D91F5E /* bird1.png in Resources */ = {isa = PBXBuildFile; fileRef = 8412E3C01DBE055D00D91F5E /* bird1.png */; };
		8412E3C81DBE055D00D91F5E /* bird2.png in Resources */ = {isa = PBXBuildFile; fileRef = 8412E3C11DBE055D00D91F5E /* bird2.png */; };
		8412E3C91DBE055D00D91F5E /* bird3.png in Resources */ = {isa = PBXBuildFile; fileRef = 8412E3C21DBE055D00D91F5E /* bird3.png */; };
		8412E3CA1DBE055D00D91F5E /* bird4.png in Resources */ = {isa = PBXBuildFile; fileRef = 8412E3C31DBE055D00D91F5E /* bird4.png */; };
		8412E3CB1DBE055D00D91F5E /* bird5.png in Resources */ = {isa = PBXBuildFile; fileRef = 8412E3C41DBE055D00D91F5E /* bird5.png */; };
		8412E3CC1DBE055D00D91F5E /* jungle.jpg in Resources */ = {isa = PBXBuildFile; fileRef = 8412E3C51DBE055D00D91F5E /* jungle.jpg */; };
		84C8E7071DBF5C33003C4147 /* chao mao hot.mp3 in Resources */ = {isa = PBXBuildFile; fileRef = 84C8E7061DBF5C33003C4147 /* chao mao hot.mp3 */; };
/* End PBXBuildFile section */

/* Begin PBXFileReference section */
		8412E3A91DBDFC2B00D91F5E /* BirdFly.app */ = {isa = PBXFileReference; explicitFileType = wrapper.application; includeInIndex = 0; path = BirdFly.app; sourceTree = BUILT_PRODUCTS_DIR; };
		8412E3AC1DBDFC2B00D91F5E /* AppDelegate.swift */ = {isa = PBXFileReference; lastKnownFileType = sourcecode.swift; path = AppDelegate.swift; sourceTree = "<group>"; };
		8412E3AE1DBDFC2B00D91F5E /* ViewController.swift */ = {isa = PBXFileReference; lastKnownFileType = sourcecode.swift; path = ViewController.swift; sourceTree = "<group>"; };
		8412E3B11DBDFC2B00D91F5E /* Base */ = {isa = PBXFileReference; lastKnownFileType = file.storyboard; name = Base; path = Base.lproj/Main.storyboard; sourceTree = "<group>"; };
		8412E3B31DBDFC2B00D91F5E /* Assets.xcassets */ = {isa = PBXFileReference; lastKnownFileType = folder.assetcatalog; path = Assets.xcassets; sourceTree = "<group>"; };
		8412E3B61DBDFC2B00D91F5E /* Base */ = {isa = PBXFileReference; lastKnownFileType = file.storyboard; name = Base; path = Base.lproj/LaunchScreen.storyboard; sourceTree = "<group>"; };
		8412E3B81DBDFC2B00D91F5E /* Info.plist */ = {isa = PBXFileReference; lastKnownFileType = text.plist.xml; path = Info.plist; sourceTree = "<group>"; };
		8412E3BF1DBE055D00D91F5E /* bird0.png */ = {isa = PBXFileReference; lastKnownFileType = image.png; path = bird0.png; sourceTree = "<group>"; };
		8412E3C01DBE055D00D91F5E /* bird1.png */ = {isa = PBXFileReference; lastKnownFileType = image.png; path = bird1.png; sourceTree = "<group>"; };
		8412E3C11DBE055D00D91F5E /* bird2.png */ = {isa = PBXFileReference; lastKnownFileType = image.png; path = bird2.png; sourceTree = "<group>"; };
		8412E3C21DBE055D00D91F5E /* bird3.png */ = {isa = PBXFileReference; lastKnownFileType = image.png; path = bird3.png; sourceTree = "<group>"; };
		8412E3C31DBE055D00D91F5E /* bird4.png */ = {isa = PBXFileReference; lastKnownFileType = image.png; path = bird4.png; sourceTree = "<group>"; };
		8412E3C41DBE055D00D91F5E /* bird5.png */ = {isa = PBXFileReference; lastKnownFileType = image.png; path = bird5.png; sourceTree = "<group>"; };
		8412E3C51DBE055D00D91F5E /* jungle.jpg */ = {isa = PBXFileReference; lastKnownFileType = image.jpeg; path = jungle.jpg; sourceTree = "<group>"; };
		84C8E7061DBF5C33003C4147 /* chao mao hot.mp3 */ = {isa = PBXFileReference; lastKnownFileType = audio.mp3; path = "chao mao hot.mp3"; sourceTree = "<group>"; };
/* End PBXFileReference section */

/* Begin PBXFrameworksBuildPhase section */
		8412E3A61DBDFC2B00D91F5E /* Frameworks */ = {
			isa = PBXFrameworksBuildPhase;
			buildActionMask = 2147483647;
			files = (
			);
			runOnlyForDeploymentPostprocessing = 0;
		};
/* End PBXFrameworksBuildPhase section */

/* Begin PBXGroup section */
		8412E3A01DBDFC2B00D91F5E = {
			isa = PBXGroup;
			children = (
				8412E3AB1DBDFC2B00D91F5E /* BirdFly */,
				8412E3AA1DBDFC2B00D91F5E /* Products */,
			);
			sourceTree = "<group>";
		};
		8412E3AA1DBDFC2B00D91F5E /* Products */ = {
			isa = PBXGroup;
			children = (
				8412E3A91DBDFC2B00D91F5E /* BirdFly.app */,
			);
			name = Products;
			sourceTree = "<group>";
		};
		8412E3AB1DBDFC2B00D91F5E /* BirdFly */ = {
			isa = PBXGroup;
			children = (
				84C8E7061DBF5C33003C4147 /* chao mao hot.mp3 */,
				8412E3BF1DBE055D00D91F5E /* bird0.png */,
				8412E3C01DBE055D00D91F5E /* bird1.png */,
				8412E3C11DBE055D00D91F5E /* bird2.png */,
				8412E3C21DBE055D00D91F5E /* bird3.png */,
				8412E3C31DBE055D00D91F5E /* bird4.png */,
				8412E3C41DBE055D00D91F5E /* bird5.png */,
				8412E3C51DBE055D00D91F5E /* jungle.jpg */,
				8412E3BE1DBE051400D91F5E /* image */,
				8412E3AC1DBDFC2B00D91F5E /* AppDelegate.swift */,
				8412E3AE1DBDFC2B00D91F5E /* ViewController.swift */,
				8412E3B01DBDFC2B00D91F5E /* Main.storyboard */,
				8412E3B31DBDFC2B00D91F5E /* Assets.xcassets */,
				8412E3B51DBDFC2B00D91F5E /* LaunchScreen.storyboard */,
				8412E3B81DBDFC2B00D91F5E /* Info.plist */,
			);
			path = BirdFly;
			sourceTree = "<group>";
		};
		8412E3BE1DBE051400D91F5E /* image */ = {
			isa = PBXGroup;
			children = (
			);
			name = image;
			sourceTree = "<group>";
		};
/* End PBXGroup section */

/* Begin PBXNativeTarget section */
		8412E3A81DBDFC2B00D91F5E /* BirdFly */ = {
			isa = PBXNativeTarget;
			buildConfigurationList = 8412E3BB1DBDFC2B00D91F5E /* Build configuration list for PBXNativeTarget "BirdFly" */;
			buildPhases = (
				8412E3A51DBDFC2B00D91F5E /* Sources */,
				8412E3A61DBDFC2B00D91F5E /* Frameworks */,
				8412E3A71DBDFC2B00D91F5E /* Resources */,
			);
			buildRules = (
			);
			dependencies = (
			);
			name = BirdFly;
			productName = BirdFly;
			productReference = 8412E3A91DBDFC2B00D91F5E /* BirdFly.app */;
			productType = "com.apple.product-type.application";
		};
/* End PBXNativeTarget section */

/* Begin PBXProject section */
		8412E3A11DBDFC2B00D91F5E /* Project object */ = {
			isa = PBXProject;
			attributes = {
				LastSwiftUpdateCheck = 0730;
				LastUpgradeCheck = 0730;
				ORGANIZATIONNAME = tien;
				TargetAttributes = {
					8412E3A81DBDFC2B00D91F5E = {
						CreatedOnToolsVersion = 7.3.1;
					};
				};
			};
			buildConfigurationList = 8412E3A41DBDFC2B00D91F5E /* Build configuration list for PBXProject "BirdFly" */;
			compatibilityVersion = "Xcode 3.2";
			developmentRegion = English;
			hasScannedForEncodings = 0;
			knownRegions = (
				en,
				Base,
			);
			mainGroup = 8412E3A01DBDFC2B00D91F5E;
			productRefGroup = 8412E3AA1DBDFC2B00D91F5E /* Products */;
			projectDirPath = "";
			projectRoot = "";
			targets = (
				8412E3A81DBDFC2B00D91F5E /* BirdFly */,
			);
		};
/* End PBXProject section */

/* Begin PBXResourcesBuildPhase section */
		8412E3A71DBDFC2B00D91F5E /* Resources */ = {
			isa = PBXResourcesBuildPhase;
			buildActionMask = 2147483647;
			files = (
				8412E3C71DBE055D00D91F5E /* bird1.png in Resources */,
				8412E3CA1DBE055D00D91F5E /* bird4.png in Resources */,
				8412E3CB1DBE055D00D91F5E /* bird5.png in Resources */,
				8412E3B71DBDFC2B00D91F5E /* LaunchScreen.storyboard in Resources */,
				8412E3CC1DBE055D00D91F5E /* jungle.jpg in Resources */,
				8412E3C61DBE055D00D91F5E /* bird0.png in Resources */,
				8412E3B41DBDFC2B00D91F5E /* Assets.xcassets in Resources */,
				8412E3B21DBDFC2B00D91F5E /* Main.storyboard in Resources */,
				8412E3C91DBE055D00D91F5E /* bird3.png in Resources */,
				84C8E7071DBF5C33003C4147 /* chao mao hot.mp3 in Resources */,
				8412E3C81DBE055D00D91F5E /* bird2.png in Resources */,
			);
			runOnlyForDeploymentPostprocessing = 0;
		};
/* End PBXResourcesBuildPhase section */

/* Begin PBXSourcesBuildPhase section */
		8412E3A51DBDFC2B00D91F5E /* Sources */ = {
			isa = PBXSourcesBuildPhase;
			buildActionMask = 2147483647;
			files = (
				8412E3AF1DBDFC2B00D91F5E /* ViewController.swift in Sources */,
				8412E3AD1DBDFC2B00D91F5E /* AppDelegate.swift in Sources */,
			);
			runOnlyForDeploymentPostprocessing = 0;
		};
/* End PBXSourcesBuildPhase section */

/* Begin PBXVariantGroup section */
		8412E3B01DBDFC2B00D91F5E /* Main.storyboard */ = {
			isa = PBXVariantGroup;
			children = (
				8412E3B11DBDFC2B00D91F5E /* Base */,
			);
			name = Main.storyboard;
			sourceTree = "<group>";
		};
		8412E3B51DBDFC2B00D91F5E /* LaunchScreen.storyboard */ = {
			isa = PBXVariantGroup;
			children = (
				8412E3B61DBDFC2B00D91F5E /* Base */,
			);
			name = LaunchScreen.storyboard;
			sourceTree = "<group>";
		};
/* End PBXVariantGroup section */

/* Begin XCBuildConfiguration section */
		8412E3B91DBDFC2B00D91F5E /* Debug */ = {
			isa = XCBuildConfiguration;
			buildSettings = {
				ALWAYS_SEARCH_USER_PATHS = NO;
				CLANG_ANALYZER_NONNULL = YES;
				CLANG_CXX_LANGUAGE_STANDARD = "gnu++0x";
				CLANG_CXX_LIBRARY = "libc++";
				CLANG_ENABLE_MODULES = YES;
				CLANG_ENABLE_OBJC_ARC = YES;
				CLANG_WARN_BOOL_CONVERSION = YES;
				CLANG_WARN_CONSTANT_CONVERSION = YES;
				CLANG_WARN_DIRECT_OBJC_ISA_USAGE = YES_ERROR;
				CLANG_WARN_EMPTY_BODY = YES;
				CLANG_WARN_ENUM_CONVERSION = YES;
				CLANG_WARN_INT_CONVERSION = YES;
				CLANG_WARN_OBJC_ROOT_CLASS = YES_ERROR;
				CLANG_WARN_UNREACHABLE_CODE = YES;
				CLANG_WARN__DUPLICATE_METHOD_MATCH = YES;
				"CODE_SIGN_IDENTITY[sdk=iphoneos*]" = "iPhone Developer";
				COPY_PHASE_STRIP = NO;
				DEBUG_INFORMATION_FORMAT = dwarf;
				ENABLE_STRICT_OBJC_MSGSEND = YES;
				ENABLE_TESTABILITY = YES;
				GCC_C_LANGUAGE_STANDARD = gnu99;
				GCC_DYNAMIC_NO_PIC = NO;
				GCC_NO_COMMON_BLOCKS = YES;
				GCC_OPTIMIZATION_LEVEL = 0;
				GCC_PREPROCESSOR_DEFINITIONS = (
					"DEBUG=1",
					"$(inherited)",
				);
				GCC_WARN_64_TO_32_BIT_CONVERSION = YES;
				GCC_WARN_ABOUT_RETURN_TYPE = YES_ERROR;
				GCC_WARN_UNDECLARED_SELECTOR = YES;
				GCC_WARN_UNINITIALIZED_AUTOS = YES_AGGRESSIVE;
				GCC_WARN_UNUSED_FUNCTION = YES;
				GCC_WARN_UNUSED_VARIABLE = YES;
				IPHONEOS_DEPLOYMENT_TARGET = 9.3;
				MTL_ENABLE_DEBUG_INFO = YES;
				ONLY_ACTIVE_ARCH = YES;
				SDKROOT = iphoneos;
				SWIFT_OPTIMIZATION_LEVEL = "-Onone";
			};
			name = Debug;
		};
		8412E3BA1DBDFC2B00D91F5E /* Release */ = {
			isa = XCBuildConfiguration;
			buildSettings = {
				ALWAYS_SEARCH_USER_PATHS = NO;
				CLANG_ANALYZER_NONNULL = YES;
				CLANG_CXX_LANGUAGE_STANDARD = "gnu++0x";
				CLANG_CXX_LIBRARY = "libc++";
				CLANG_ENABLE_MODULES = YES;
				CLANG_ENABLE_OBJC_ARC = YES;
				CLANG_WARN_BOOL_CONVERSION = YES;
				CLANG_WARN_CONSTANT_CONVERSION = YES;
				CLANG_WARN_DIRECT_OBJC_ISA_USAGE = YES_ERROR;
				CLANG_WARN_EMPTY_BODY = YES;
				CLANG_WARN_ENUM_CONVERSION = YES;
				CLANG_WARN_INT_CONVERSION = YES;
				CLANG_WARN_OBJC_ROOT_CLASS = YES_ERROR;
				CLANG_WARN_UNREACHABLE_CODE = YES;
				CLANG_WARN__DUPLICATE_METHOD_MATCH = YES;
				"CODE_SIGN_IDENTITY[sdk=iphoneos*]" = "iPhone Developer";
				COPY_PHASE_STRIP = NO;
				DEBUG_INFORMATION_FORMAT = "dwarf-with-dsym";
				ENABLE_NS_ASSERTIONS = NO;
				ENABLE_STRICT_OBJC_MSGSEND = YES;
				GCC_C_LANGUAGE_STANDARD = gnu99;
				GCC_NO_COMMON_BLOCKS = YES;
				GCC_WARN_64_TO_32_BIT_CONVERSION = YES;
				GCC_WARN_ABOUT_RETURN_TYPE = YES_ERROR;
				GCC_WARN_UNDECLARED_SELECTOR = YES;
				GCC_WARN_UNINITIALIZED_AUTOS = YES_AGGRESSIVE;
				GCC_WARN_UNUSED_FUNCTION = YES;
				GCC_WARN_UNUSED_VARIABLE = YES;
				IPHONEOS_DEPLOYMENT_TARGET = 9.3;
				MTL_ENABLE_DEBUG_INFO = NO;
				SDKROOT = iphoneos;
				VALIDATE_PRODUCT = YES;
			};
			name = Release;
		};
		8412E3BC1DBDFC2B00D91F5E /* Debug */ = {
			isa = XCBuildConfiguration;
			buildSettings = {
				ASSETCATALOG_COMPILER_APPICON_NAME = AppIcon;
				INFOPLIST_FILE = BirdFly/Info.plist;
				LD_RUNPATH_SEARCH_PATHS = "$(inherited) @executable_path/Frameworks";
				PRODUCT_BUNDLE_IDENTIFIER = tien.BirdFly;
				PRODUCT_NAME = "$(TARGET_NAME)";
			};
			name = Debug;
		};
		8412E3BD1DBDFC2B00D91F5E /* Release */ = {
			isa = XCBuildConfiguration;
			buildSettings = {
				ASSETCATALOG_COMPILER_APPICON_NAME = AppIcon;
				INFOPLIST_FILE = BirdFly/Info.plist;
				LD_RUNPATH_SEARCH_PATHS = "$(inherited) @executable_path/Frameworks";
				PRODUCT_BUNDLE_IDENTIFIER = tien.BirdFly;
				PRODUCT_NAME = "$(TARGET_NAME)";
			};
			name = Release;
		};
/* End XCBuildConfiguration section */

/* Begin XCConfigurationList section */
		8412E3A41DBDFC2B00D91F5E /* Build configuration list for PBXProject "BirdFly" */ = {
			isa = XCConfigurationList;
			buildConfigurations = (
				8412E3B91DBDFC2B00D91F5E /* Debug */,
				8412E3BA1DBDFC2B00D91F5E /* Release */,
			);
			defaultConfigurationIsVisible = 0;
			defaultConfigurationName = Release;
		};
		8412E3BB1DBDFC2B00D91F5E /* Build configuration list for PBXNativeTarget "BirdFly" */ = {
			isa = XCConfigurationList;
			buildConfigurations = (
				8412E3BC1DBDFC2B00D91F5E /* Debug */,
				8412E3BD1DBDFC2B00D91F5E /* Release */,
			);
			defaultConfigurationIsVisible = 0;
			defaultConfigurationName = Release;
		};
/* End XCConfigurationList section */
	};
	rootObject = 8412E3A11DBDFC2B00D91F5E /* Project object */;
}
